
Microsoft Visual Studio Solution File, Format Version 12.00
# Visual Studio Version 17
VisualStudioVersion = 17.8.34330.188
MinimumVisualStudioVersion = 10.0.40219.1
Project("{FAE04EC0-301F-11D3-BF4B-00C04F79EFBC}") = "Algoritmo di dijkstraa", "Algoritmo di dijkstraa\Algoritmo di dijkstraa.csproj", "{D53B153B-6D38-475B-BA98-7A2E5D1E2906}"
EndProject
Global
	GlobalSection(SolutionConfigurationPlatforms) = preSolution
		Debug|Any CPU = Debug|Any CPU
		Release|Any CPU = Release|Any CPU
	EndGlobalSection
	GlobalSection(ProjectConfigurationPlatforms) = postSolution
		{D53B153B-6D38-475B-BA98-7A2E5D1E2906}.Debug|Any CPU.ActiveCfg = Debug|Any CPU
		{D53B153B-6D38-475B-BA98-7A2E5D1E2906}.Debug|Any CPU.Build.0 = Debug|Any CPU
		{D53B153B-6D38-475B-BA98-7A2E5D1E2906}.Release|Any CPU.ActiveCfg = Release|Any CPU
		{D53B153B-6D38-475B-BA98-7A2E5D1E2906}.Release|Any CPU.Build.0 = Release|Any CPU
	EndGlobalSection
	GlobalSection(SolutionProperties) = preSolution
		HideSolutionNode = FALSE
	EndGlobalSection
	GlobalSection(ExtensibilityGlobals) = postSolution
		SolutionGuid = {27490AE6-49AD-4685-A1F9-3BDD3EC4C39D}
	EndGlobalSection
EndGlobal
